
Microsoft Visual Studio Solution File, Format Version 12.00
# Visual Studio Version 16
VisualStudioVersion = 16.0.31515.178
MinimumVisualStudioVersion = 10.0.40219.1
Project("{FAE04EC0-301F-11D3-BF4B-00C04F79EFBC}") = "Passaparola_Oyunu", "Passaparola_Oyunu\Passaparola_Oyunu.csproj", "{D6C62506-7465-4504-8DF9-BD255666ADA6}"
EndProject
Global
	GlobalSection(SolutionConfigurationPlatforms) = preSolution
		Debug|Any CPU = Debug|Any CPU
		Release|Any CPU = Release|Any CPU
	EndGlobalSection
	GlobalSection(ProjectConfigurationPlatforms) = postSolution
		{D6C62506-7465-4504-8DF9-BD255666ADA6}.Debug|Any CPU.ActiveCfg = Debug|Any CPU
		{D6C62506-7465-4504-8DF9-BD255666ADA6}.Debug|Any CPU.Build.0 = Debug|Any CPU
		{D6C62506-7465-4504-8DF9-BD255666ADA6}.Release|Any CPU.ActiveCfg = Release|Any CPU
		{D6C62506-7465-4504-8DF9-BD255666ADA6}.Release|Any CPU.Build.0 = Release|Any CPU
	EndGlobalSection
	GlobalSection(SolutionProperties) = preSolution
		HideSolutionNode = FALSE
	EndGlobalSection
	GlobalSection(ExtensibilityGlobals) = postSolution
		SolutionGuid = {67DEA73C-5DAB-48EB-8E8D-BAFB97CD1E02}
	EndGlobalSection
EndGlobal
